
Microsoft Visual Studio Solution File, Format Version 12.00
# Visual Studio Version 17
VisualStudioVersion = 17.5.2.0
MinimumVisualStudioVersion = 10.0.40219.1
Project("{FAE04EC0-301F-11D3-BF4B-00C04F79EFBC}") = "Sentinel.Api", "Sentinel.Api\Sentinel.Api.csproj", "{C90F278C-5FC9-8ABC-8B32-3CC6CA90F17B}"
EndProject
Project("{FAE04EC0-301F-11D3-BF4B-00C04F79EFBC}") = "Sentinel.Worker", "Sentinel.Worker\Sentinel.Worker.csproj", "{32272206-2100-182A-520E-3C8BE30A2610}"
EndProject
Project("{FAE04EC0-301F-11D3-BF4B-00C04F79EFBC}") = "Sentinel.ServiceDefaults", "Sentinel.ServiceDefaults\Sentinel.ServiceDefaults.csproj", "{F50C65A7-1E2E-9916-66F3-C54A06193465}"
EndProject
Project("{FAE04EC0-301F-11D3-BF4B-00C04F79EFBC}") = "Sentinel.AppHost", "Sentinel.AppHost\Sentinel.AppHost.csproj", "{E766AC04-49DE-154C-41FE-187A73E4E880}"
EndProject
Project("{FAE04EC0-301F-11D3-BF4B-00C04F79EFBC}") = "Sentinel.Shared", "Sentinel.Shared\Sentinel.Shared.csproj", "{8571FFA4-A32A-443D-8F78-F28BBF868C04}"
EndProject
Project("{FAE04EC0-301F-11D3-BF4B-00C04F79EFBC}") = "Sentinel.Api.Tests", "Sentinel.Api.Tests\Sentinel.Api.Tests.csproj", "{7C306221-D673-4865-92A6-2EFEECAEBF83}"
EndProject
Project("{FAE04EC0-301F-11D3-BF4B-00C04F79EFBC}") = "Sentinel.Web", "Sentinel.Web\Sentinel.Web.csproj", "{98B46E4B-C894-4CE3-9A8B-F73EF28747D6}"
EndProject
Global
	GlobalSection(SolutionConfigurationPlatforms) = preSolution
		Debug|Any CPU = Debug|Any CPU
		Debug|x64 = Debug|x64
		Debug|x86 = Debug|x86
		Release|Any CPU = Release|Any CPU
		Release|x64 = Release|x64
		Release|x86 = Release|x86
	EndGlobalSection
	GlobalSection(ProjectConfigurationPlatforms) = postSolution
		{C90F278C-5FC9-8ABC-8B32-3CC6CA90F17B}.Debug|Any CPU.ActiveCfg = Debug|Any CPU
		{C90F278C-5FC9-8ABC-8B32-3CC6CA90F17B}.Debug|Any CPU.Build.0 = Debug|Any CPU
		{C90F278C-5FC9-8ABC-8B32-3CC6CA90F17B}.Debug|x64.ActiveCfg = Debug|Any CPU
		{C90F278C-5FC9-8ABC-8B32-3CC6CA90F17B}.Debug|x64.Build.0 = Debug|Any CPU
		{C90F278C-5FC9-8ABC-8B32-3CC6CA90F17B}.Debug|x86.ActiveCfg = Debug|Any CPU
		{C90F278C-5FC9-8ABC-8B32-3CC6CA90F17B}.Debug|x86.Build.0 = Debug|Any CPU
		{C90F278C-5FC9-8ABC-8B32-3CC6CA90F17B}.Release|Any CPU.ActiveCfg = Release|Any CPU
		{C90F278C-5FC9-8ABC-8B32-3CC6CA90F17B}.Release|Any CPU.Build.0 = Release|Any CPU
		{C90F278C-5FC9-8ABC-8B32-3CC6CA90F17B}.Release|x64.ActiveCfg = Release|Any CPU
		{C90F278C-5FC9-8ABC-8B32-3CC6CA90F17B}.Release|x64.Build.0 = Release|Any CPU
		{C90F278C-5FC9-8ABC-8B32-3CC6CA90F17B}.Release|x86.ActiveCfg = Release|Any CPU
		{C90F278C-5FC9-8ABC-8B32-3CC6CA90F17B}.Release|x86.Build.0 = Release|Any CPU
		{32272206-2100-182A-520E-3C8BE30A2610}.Debug|Any CPU.ActiveCfg = Debug|Any CPU
		{32272206-2100-182A-520E-3C8BE30A2610}.Debug|Any CPU.Build.0 = Debug|Any CPU
		{32272206-2100-182A-520E-3C8BE30A2610}.Debug|x64.ActiveCfg = Debug|Any CPU
		{32272206-2100-182A-520E-3C8BE30A2610}.Debug|x64.Build.0 = Debug|Any CPU
		{32272206-2100-182A-520E-3C8BE30A2610}.Debug|x86.ActiveCfg = Debug|Any CPU
		{32272206-2100-182A-520E-3C8BE30A2610}.Debug|x86.Build.0 = Debug|Any CPU
		{32272206-2100-182A-520E-3C8BE30A2610}.Release|Any CPU.ActiveCfg = Release|Any CPU
		{32272206-2100-182A-520E-3C8BE30A2610}.Release|Any CPU.Build.0 = Release|Any CPU
		{32272206-2100-182A-520E-3C8BE30A2610}.Release|x64.ActiveCfg = Release|Any CPU
		{32272206-2100-182A-520E-3C8BE30A2610}.Release|x64.Build.0 = Release|Any CPU
		{32272206-2100-182A-520E-3C8BE30A2610}.Release|x86.ActiveCfg = Release|Any CPU
		{32272206-2100-182A-520E-3C8BE30A2610}.Release|x86.Build.0 = Release|Any CPU
		{F50C65A7-1E2E-9916-66F3-C54A06193465}.Debug|Any CPU.ActiveCfg = Debug|Any CPU
		{F50C65A7-1E2E-9916-66F3-C54A06193465}.Debug|Any CPU.Build.0 = Debug|Any CPU
		{F50C65A7-1E2E-9916-66F3-C54A06193465}.Debug|x64.ActiveCfg = Debug|Any CPU
		{F50C65A7-1E2E-9916-66F3-C54A06193465}.Debug|x64.Build.0 = Debug|Any CPU
		{F50C65A7-1E2E-9916-66F3-C54A06193465}.Debug|x86.ActiveCfg = Debug|Any CPU
		{F50C65A7-1E2E-9916-66F3-C54A06193465}.Debug|x86.Build.0 = Debug|Any CPU
		{F50C65A7-1E2E-9916-66F3-C54A06193465}.Release|Any CPU.ActiveCfg = Release|Any CPU
		{F50C65A7-1E2E-9916-66F3-C54A06193465}.Release|Any CPU.Build.0 = Release|Any CPU
		{F50C65A7-1E2E-9916-66F3-C54A06193465}.Release|x64.ActiveCfg = Release|Any CPU
		{F50C65A7-1E2E-9916-66F3-C54A06193465}.Release|x64.Build.0 = Release|Any CPU
		{F50C65A7-1E2E-9916-66F3-C54A06193465}.Release|x86.ActiveCfg = Release|Any CPU
		{F50C65A7-1E2E-9916-66F3-C54A06193465}.Release|x86.Build.0 = Release|Any CPU
		{E766AC04-49DE-154C-41FE-187A73E4E880}.Debug|Any CPU.ActiveCfg = Debug|Any CPU
		{E766AC04-49DE-154C-41FE-187A73E4E880}.Debug|Any CPU.Build.0 = Debug|Any CPU
		{E766AC04-49DE-154C-41FE-187A73E4E880}.Debug|x64.ActiveCfg = Debug|Any CPU
		{E766AC04-49DE-154C-41FE-187A73E4E880}.Debug|x64.Build.0 = Debug|Any CPU
		{E766AC04-49DE-154C-41FE-187A73E4E880}.Debug|x86.ActiveCfg = Debug|Any CPU
		{E766AC04-49DE-154C-41FE-187A73E4E880}.Debug|x86.Build.0 = Debug|Any CPU
		{E766AC04-49DE-154C-41FE-187A73E4E880}.Release|Any CPU.ActiveCfg = Release|Any CPU
		{E766AC04-49DE-154C-41FE-187A73E4E880}.Release|Any CPU.Build.0 = Release|Any CPU
		{E766AC04-49DE-154C-41FE-187A73E4E880}.Release|x64.ActiveCfg = Release|Any CPU
		{E766AC04-49DE-154C-41FE-187A73E4E880}.Release|x64.Build.0 = Release|Any CPU
		{E766AC04-49DE-154C-41FE-187A73E4E880}.Release|x86.ActiveCfg = Release|Any CPU
		{E766AC04-49DE-154C-41FE-187A73E4E880}.Release|x86.Build.0 = Release|Any CPU
		{8571FFA4-A32A-443D-8F78-F28BBF868C04}.Debug|Any CPU.ActiveCfg = Debug|Any CPU
		{8571FFA4-A32A-443D-8F78-F28BBF868C04}.Debug|Any CPU.Build.0 = Debug|Any CPU
		{8571FFA4-A32A-443D-8F78-F28BBF868C04}.Debug|x64.ActiveCfg = Debug|Any CPU
		{8571FFA4-A32A-443D-8F78-F28BBF868C04}.Debug|x64.Build.0 = Debug|Any CPU
		{8571FFA4-A32A-443D-8F78-F28BBF868C04}.Debug|x86.ActiveCfg = Debug|Any CPU
		{8571FFA4-A32A-443D-8F78-F28BBF868C04}.Debug|x86.Build.0 = Debug|Any CPU
		{8571FFA4-A32A-443D-8F78-F28BBF868C04}.Release|Any CPU.ActiveCfg = Release|Any CPU
		{8571FFA4-A32A-443D-8F78-F28BBF868C04}.Release|Any CPU.Build.0 = Release|Any CPU
		{8571FFA4-A32A-443D-8F78-F28BBF868C04}.Release|x64.ActiveCfg = Release|Any CPU
		{8571FFA4-A32A-443D-8F78-F28BBF868C04}.Release|x64.Build.0 = Release|Any CPU
		{8571FFA4-A32A-443D-8F78-F28BBF868C04}.Release|x86.ActiveCfg = Release|Any CPU
		{8571FFA4-A32A-443D-8F78-F28BBF868C04}.Release|x86.Build.0 = Release|Any CPU
		{7C306221-D673-4865-92A6-2EFEECAEBF83}.Debug|Any CPU.ActiveCfg = Debug|Any CPU
		{7C306221-D673-4865-92A6-2EFEECAEBF83}.Debug|Any CPU.Build.0 = Debug|Any CPU
		{7C306221-D673-4865-92A6-2EFEECAEBF83}.Debug|x64.ActiveCfg = Debug|Any CPU
		{7C306221-D673-4865-92A6-2EFEECAEBF83}.Debug|x64.Build.0 = Debug|Any CPU
		{7C306221-D673-4865-92A6-2EFEECAEBF83}.Debug|x86.ActiveCfg = Debug|Any CPU
		{7C306221-D673-4865-92A6-2EFEECAEBF83}.Debug|x86.Build.0 = Debug|Any CPU
		{7C306221-D673-4865-92A6-2EFEECAEBF83}.Release|Any CPU.ActiveCfg = Release|Any CPU
		{7C306221-D673-4865-92A6-2EFEECAEBF83}.Release|Any CPU.Build.0 = Release|Any CPU
		{7C306221-D673-4865-92A6-2EFEECAEBF83}.Release|x64.ActiveCfg = Release|Any CPU
		{7C306221-D673-4865-92A6-2EFEECAEBF83}.Release|x64.Build.0 = Release|Any CPU
		{7C306221-D673-4865-92A6-2EFEECAEBF83}.Release|x86.ActiveCfg = Release|Any CPU
		{7C306221-D673-4865-92A6-2EFEECAEBF83}.Release|x86.Build.0 = Release|Any CPU
		{98B46E4B-C894-4CE3-9A8B-F73EF28747D6}.Debug|Any CPU.ActiveCfg = Debug|Any CPU
		{98B46E4B-C894-4CE3-9A8B-F73EF28747D6}.Debug|Any CPU.Build.0 = Debug|Any CPU
		{98B46E4B-C894-4CE3-9A8B-F73EF28747D6}.Debug|x64.ActiveCfg = Debug|Any CPU
		{98B46E4B-C894-4CE3-9A8B-F73EF28747D6}.Debug|x64.Build.0 = Debug|Any CPU
		{98B46E4B-C894-4CE3-9A8B-F73EF28747D6}.Debug|x86.ActiveCfg = Debug|Any CPU
		{98B46E4B-C894-4CE3-9A8B-F73EF28747D6}.Debug|x86.Build.0 = Debug|Any CPU
		{98B46E4B-C894-4CE3-9A8B-F73EF28747D6}.Release|Any CPU.ActiveCfg = Release|Any CPU
		{98B46E4B-C894-4CE3-9A8B-F73EF28747D6}.Release|Any CPU.Build.0 = Release|Any CPU
		{98B46E4B-C894-4CE3-9A8B-F73EF28747D6}.Release|x64.ActiveCfg = Release|Any CPU
		{98B46E4B-C894-4CE3-9A8B-F73EF28747D6}.Release|x64.Build.0 = Release|Any CPU
		{98B46E4B-C894-4CE3-9A8B-F73EF28747D6}.Release|x86.ActiveCfg = Release|Any CPU
		{98B46E4B-C894-4CE3-9A8B-F73EF28747D6}.Release|x86.Build.0 = Release|Any CPU
	EndGlobalSection
	GlobalSection(SolutionProperties) = preSolution
		HideSolutionNode = FALSE
	EndGlobalSection
	GlobalSection(ExtensibilityGlobals) = postSolution
		SolutionGuid = {EAF4EF2C-BE3D-40F1-9DFD-03FF051D9E34}
	EndGlobalSection
EndGlobal
